
Microsoft Visual Studio Solution File, Format Version 12.00
# Visual Studio 14
VisualStudioVersion = 14.0.23107.0
MinimumVisualStudioVersion = 10.0.40219.1
Project("{FAE04EC0-301F-11D3-BF4B-00C04F79EFBC}") = "AppVehiculosMVC", "AppVehiculosMVC\AppVehiculosMVC.csproj", "{4EA17FF6-0C62-4B4F-BD50-DA9B19DB7263}"
EndProject
Global
	GlobalSection(SolutionConfigurationPlatforms) = preSolution
		Debug|Any CPU = Debug|Any CPU
		Release|Any CPU = Release|Any CPU
	EndGlobalSection
	GlobalSection(ProjectConfigurationPlatforms) = postSolution
		{4EA17FF6-0C62-4B4F-BD50-DA9B19DB7263}.Debug|Any CPU.ActiveCfg = Debug|Any CPU
		{4EA17FF6-0C62-4B4F-BD50-DA9B19DB7263}.Debug|Any CPU.Build.0 = Debug|Any CPU
		{4EA17FF6-0C62-4B4F-BD50-DA9B19DB7263}.Release|Any CPU.ActiveCfg = Release|Any CPU
		{4EA17FF6-0C62-4B4F-BD50-DA9B19DB7263}.Release|Any CPU.Build.0 = Release|Any CPU
	EndGlobalSection
	GlobalSection(SolutionProperties) = preSolution
		HideSolutionNode = FALSE
	EndGlobalSection
EndGlobal
